
Microsoft Visual Studio Solution File, Format Version 12.00
# Visual Studio Version 16
VisualStudioVersion = 16.0.31205.134
MinimumVisualStudioVersion = 10.0.40219.1
Project("{9A19103F-16F7-4668-BE54-9A1E7A4F7556}") = "PdfConversionFunctionApp", "PdfConversionFunctionApp\PdfConversionFunctionApp.csproj", "{9B34E5D6-BC24-4C61-B14A-46735F673EE5}"
EndProject
Project("{FAE04EC0-301F-11D3-BF4B-00C04F79EFBC}") = "PdfConversionConsoleApp", "PdfConversionConsoleApp\PdfConversionConsoleApp.csproj", "{87841998-A15F-47A6-946B-D1274C93C177}"
EndProject
Global
	GlobalSection(SolutionConfigurationPlatforms) = preSolution
		Debug|Any CPU = Debug|Any CPU
		Release|Any CPU = Release|Any CPU
	EndGlobalSection
	GlobalSection(ProjectConfigurationPlatforms) = postSolution
		{9B34E5D6-BC24-4C61-B14A-46735F673EE5}.Debug|Any CPU.ActiveCfg = Debug|Any CPU
		{9B34E5D6-BC24-4C61-B14A-46735F673EE5}.Debug|Any CPU.Build.0 = Debug|Any CPU
		{9B34E5D6-BC24-4C61-B14A-46735F673EE5}.Release|Any CPU.ActiveCfg = Release|Any CPU
		{9B34E5D6-BC24-4C61-B14A-46735F673EE5}.Release|Any CPU.Build.0 = Release|Any CPU
		{87841998-A15F-47A6-946B-D1274C93C177}.Debug|Any CPU.ActiveCfg = Debug|Any CPU
		{87841998-A15F-47A6-946B-D1274C93C177}.Debug|Any CPU.Build.0 = Debug|Any CPU
		{87841998-A15F-47A6-946B-D1274C93C177}.Release|Any CPU.ActiveCfg = Release|Any CPU
		{87841998-A15F-47A6-946B-D1274C93C177}.Release|Any CPU.Build.0 = Release|Any CPU
	EndGlobalSection
	GlobalSection(SolutionProperties) = preSolution
		HideSolutionNode = FALSE
	EndGlobalSection
	GlobalSection(ExtensibilityGlobals) = postSolution
		SolutionGuid = {C9D46470-37F5-4982-85BF-2784A91A3CD4}
	EndGlobalSection
EndGlobal
